
Microsoft Visual Studio Solution File, Format Version 12.00
Project("{FAE04EC0-301F-11D3-BF4B-00C04F79EFBC}") = "PresentationLayer", "PresentationLayer\PresentationLayer.csproj", "{8BC4F0DB-2758-47F0-8A47-BAEE0C111370}"
EndProject
Project("{FAE04EC0-301F-11D3-BF4B-00C04F79EFBC}") = "DataLayer", "DataLayer\DataLayer.csproj", "{48897459-A5F1-46DE-A59D-FB53F2CA948B}"
EndProject
Project("{FAE04EC0-301F-11D3-BF4B-00C04F79EFBC}") = "EntitiesLayer", "EntitiesLayer\EntitiesLayer.csproj", "{DE9E1B5F-89D2-4268-B161-A8AA5037A040}"
EndProject
Project("{FAE04EC0-301F-11D3-BF4B-00C04F79EFBC}") = "BusinessLayer", "BusinessLayer\BusinessLayer.csproj", "{0ABE8CF7-B77F-4900-AF79-5B07F8BF8D0F}"
EndProject
Global
	GlobalSection(SolutionConfigurationPlatforms) = preSolution
		Debug|Any CPU = Debug|Any CPU
		Release|Any CPU = Release|Any CPU
	EndGlobalSection
	GlobalSection(ProjectConfigurationPlatforms) = postSolution
		{8BC4F0DB-2758-47F0-8A47-BAEE0C111370}.Debug|Any CPU.ActiveCfg = Debug|Any CPU
		{8BC4F0DB-2758-47F0-8A47-BAEE0C111370}.Debug|Any CPU.Build.0 = Debug|Any CPU
		{8BC4F0DB-2758-47F0-8A47-BAEE0C111370}.Release|Any CPU.ActiveCfg = Release|Any CPU
		{8BC4F0DB-2758-47F0-8A47-BAEE0C111370}.Release|Any CPU.Build.0 = Release|Any CPU
		{48897459-A5F1-46DE-A59D-FB53F2CA948B}.Debug|Any CPU.ActiveCfg = Debug|Any CPU
		{48897459-A5F1-46DE-A59D-FB53F2CA948B}.Debug|Any CPU.Build.0 = Debug|Any CPU
		{48897459-A5F1-46DE-A59D-FB53F2CA948B}.Release|Any CPU.ActiveCfg = Release|Any CPU
		{48897459-A5F1-46DE-A59D-FB53F2CA948B}.Release|Any CPU.Build.0 = Release|Any CPU
		{DE9E1B5F-89D2-4268-B161-A8AA5037A040}.Debug|Any CPU.ActiveCfg = Debug|Any CPU
		{DE9E1B5F-89D2-4268-B161-A8AA5037A040}.Debug|Any CPU.Build.0 = Debug|Any CPU
		{DE9E1B5F-89D2-4268-B161-A8AA5037A040}.Release|Any CPU.ActiveCfg = Release|Any CPU
		{DE9E1B5F-89D2-4268-B161-A8AA5037A040}.Release|Any CPU.Build.0 = Release|Any CPU
		{0ABE8CF7-B77F-4900-AF79-5B07F8BF8D0F}.Debug|Any CPU.ActiveCfg = Debug|Any CPU
		{0ABE8CF7-B77F-4900-AF79-5B07F8BF8D0F}.Debug|Any CPU.Build.0 = Debug|Any CPU
		{0ABE8CF7-B77F-4900-AF79-5B07F8BF8D0F}.Release|Any CPU.ActiveCfg = Release|Any CPU
		{0ABE8CF7-B77F-4900-AF79-5B07F8BF8D0F}.Release|Any CPU.Build.0 = Release|Any CPU
	EndGlobalSection
EndGlobal
